
Microsoft Visual Studio Solution File, Format Version 12.00
# Visual Studio Version 17
VisualStudioVersion = 17.12.35707.178
MinimumVisualStudioVersion = 10.0.40219.1
Project("{FAE04EC0-301F-11D3-BF4B-00C04F79EFBC}") = "UnitTests", "tests\UnitTests\UnitTests.csproj", "{AD050CF2-9A96-443A-9177-FC81C267FCF8}"
EndProject
Project("{FAE04EC0-301F-11D3-BF4B-00C04F79EFBC}") = "Application", "src\Application\Application.csproj", "{A6545A0B-CF01-422C-BE6B-4FF9EDE7948D}"
EndProject
Project("{FAE04EC0-301F-11D3-BF4B-00C04F79EFBC}") = "Infrastructure", "src\Infrastructure\Infrastructure.csproj", "{A451CC21-3A6C-44E1-A81C-ACCE6E1A28C9}"
EndProject
Project("{FAE04EC0-301F-11D3-BF4B-00C04F79EFBC}") = "Domain", "src\Domain\Domain.csproj", "{76DF42FB-9364-4962-89A7-37A67D2113E9}"
EndProject
Project("{FAE04EC0-301F-11D3-BF4B-00C04F79EFBC}") = "Presentation", "src\Presentation\Presentation.csproj", "{2D271720-8163-4519-9BA1-27289AEEC14C}"
EndProject
Project("{E53339B2-1760-4266-BCC7-CA923CBCF16C}") = "docker-compose", "docker-compose.dcproj", "{ADD5AF21-A432-4B22-BA2A-479AE85F98FC}"
EndProject
Project("{2150E333-8FDC-42A3-9474-1A3956D46DE8}") = "Solution Items", "Solution Items", "{EC3C6964-83AB-4DE4-AE8F-58CBA78EFA28}"
	ProjectSection(SolutionItems) = preProject
		README.md = README.md
	EndProjectSection
EndProject
Global
	GlobalSection(SolutionConfigurationPlatforms) = preSolution
		Debug|Any CPU = Debug|Any CPU
		Release|Any CPU = Release|Any CPU
	EndGlobalSection
	GlobalSection(ProjectConfigurationPlatforms) = postSolution
		{AD050CF2-9A96-443A-9177-FC81C267FCF8}.Debug|Any CPU.ActiveCfg = Debug|Any CPU
		{AD050CF2-9A96-443A-9177-FC81C267FCF8}.Debug|Any CPU.Build.0 = Debug|Any CPU
		{AD050CF2-9A96-443A-9177-FC81C267FCF8}.Release|Any CPU.ActiveCfg = Release|Any CPU
		{AD050CF2-9A96-443A-9177-FC81C267FCF8}.Release|Any CPU.Build.0 = Release|Any CPU
		{A6545A0B-CF01-422C-BE6B-4FF9EDE7948D}.Debug|Any CPU.ActiveCfg = Debug|Any CPU
		{A6545A0B-CF01-422C-BE6B-4FF9EDE7948D}.Debug|Any CPU.Build.0 = Debug|Any CPU
		{A6545A0B-CF01-422C-BE6B-4FF9EDE7948D}.Release|Any CPU.ActiveCfg = Release|Any CPU
		{A6545A0B-CF01-422C-BE6B-4FF9EDE7948D}.Release|Any CPU.Build.0 = Release|Any CPU
		{A451CC21-3A6C-44E1-A81C-ACCE6E1A28C9}.Debug|Any CPU.ActiveCfg = Debug|Any CPU
		{A451CC21-3A6C-44E1-A81C-ACCE6E1A28C9}.Debug|Any CPU.Build.0 = Debug|Any CPU
		{A451CC21-3A6C-44E1-A81C-ACCE6E1A28C9}.Release|Any CPU.ActiveCfg = Release|Any CPU
		{A451CC21-3A6C-44E1-A81C-ACCE6E1A28C9}.Release|Any CPU.Build.0 = Release|Any CPU
		{76DF42FB-9364-4962-89A7-37A67D2113E9}.Debug|Any CPU.ActiveCfg = Debug|Any CPU
		{76DF42FB-9364-4962-89A7-37A67D2113E9}.Debug|Any CPU.Build.0 = Debug|Any CPU
		{76DF42FB-9364-4962-89A7-37A67D2113E9}.Release|Any CPU.ActiveCfg = Release|Any CPU
		{76DF42FB-9364-4962-89A7-37A67D2113E9}.Release|Any CPU.Build.0 = Release|Any CPU
		{2D271720-8163-4519-9BA1-27289AEEC14C}.Debug|Any CPU.ActiveCfg = Debug|Any CPU
		{2D271720-8163-4519-9BA1-27289AEEC14C}.Debug|Any CPU.Build.0 = Debug|Any CPU
		{2D271720-8163-4519-9BA1-27289AEEC14C}.Release|Any CPU.ActiveCfg = Release|Any CPU
		{2D271720-8163-4519-9BA1-27289AEEC14C}.Release|Any CPU.Build.0 = Release|Any CPU
		{ADD5AF21-A432-4B22-BA2A-479AE85F98FC}.Debug|Any CPU.ActiveCfg = Debug|Any CPU
		{ADD5AF21-A432-4B22-BA2A-479AE85F98FC}.Debug|Any CPU.Build.0 = Debug|Any CPU
		{ADD5AF21-A432-4B22-BA2A-479AE85F98FC}.Release|Any CPU.ActiveCfg = Release|Any CPU
		{ADD5AF21-A432-4B22-BA2A-479AE85F98FC}.Release|Any CPU.Build.0 = Release|Any CPU
	EndGlobalSection
	GlobalSection(SolutionProperties) = preSolution
		HideSolutionNode = FALSE
	EndGlobalSection
EndGlobal
