
Microsoft Visual Studio Solution File, Format Version 12.00
# Visual Studio Version 17
VisualStudioVersion = 17.12.35707.178
MinimumVisualStudioVersion = 10.0.40219.1
Project("{FAE04EC0-301F-11D3-BF4B-00C04F79EFBC}") = "UnitTests", "tests\UnitTests\UnitTests.csproj", "{AD050CF2-9A96-443A-9177-FC81C267FCF8}"
EndProject
Project("{FAE04EC0-301F-11D3-BF4B-00C04F79EFBC}") = "Application", "src\Application\Application.csproj", "{A6545A0B-CF01-422C-BE6B-4FF9EDE7948D}"
EndProject
Project("{FAE04EC0-301F-11D3-BF4B-00C04F79EFBC}") = "Infrastructure", "src\Infrastructure\Infrastructure.csproj", "{A451CC21-3A6C-44E1-A81C-ACCE6E1A28C9}"
EndProject
Global
	GlobalSection(SolutionConfigurationPlatforms) = preSolution
		Debug|Any CPU = Debug|Any CPU
		Release|Any CPU = Release|Any CPU
	EndGlobalSection
	GlobalSection(ProjectConfigurationPlatforms) = postSolution
		{AD050CF2-9A96-443A-9177-FC81C267FCF8}.Debug|Any CPU.ActiveCfg = Debug|Any CPU
		{AD050CF2-9A96-443A-9177-FC81C267FCF8}.Debug|Any CPU.Build.0 = Debug|Any CPU
		{AD050CF2-9A96-443A-9177-FC81C267FCF8}.Release|Any CPU.ActiveCfg = Release|Any CPU
		{AD050CF2-9A96-443A-9177-FC81C267FCF8}.Release|Any CPU.Build.0 = Release|Any CPU
		{A6545A0B-CF01-422C-BE6B-4FF9EDE7948D}.Debug|Any CPU.ActiveCfg = Debug|Any CPU
		{A6545A0B-CF01-422C-BE6B-4FF9EDE7948D}.Debug|Any CPU.Build.0 = Debug|Any CPU
		{A6545A0B-CF01-422C-BE6B-4FF9EDE7948D}.Release|Any CPU.ActiveCfg = Release|Any CPU
		{A6545A0B-CF01-422C-BE6B-4FF9EDE7948D}.Release|Any CPU.Build.0 = Release|Any CPU
		{A451CC21-3A6C-44E1-A81C-ACCE6E1A28C9}.Debug|Any CPU.ActiveCfg = Debug|Any CPU
		{A451CC21-3A6C-44E1-A81C-ACCE6E1A28C9}.Debug|Any CPU.Build.0 = Debug|Any CPU
		{A451CC21-3A6C-44E1-A81C-ACCE6E1A28C9}.Release|Any CPU.ActiveCfg = Release|Any CPU
		{A451CC21-3A6C-44E1-A81C-ACCE6E1A28C9}.Release|Any CPU.Build.0 = Release|Any CPU
	EndGlobalSection
	GlobalSection(SolutionProperties) = preSolution
		HideSolutionNode = FALSE
	EndGlobalSection
EndGlobal
